
Microsoft Visual Studio Solution File, Format Version 12.00
# Visual Studio Version 16
VisualStudioVersion = 16.0.31624.102
MinimumVisualStudioVersion = 10.0.40219.1
Project("{FAE04EC0-301F-11D3-BF4B-00C04F79EFBC}") = "CoodeshPharmaIncAPI", "CoodeshPharmaIncAPI\CoodeshPharmaIncAPI.csproj", "{8B00B445-77D4-4EA1-AA1A-10630EF4393A}"
EndProject
Global
	GlobalSection(SolutionConfigurationPlatforms) = preSolution
		Debug|Any CPU = Debug|Any CPU
		Release|Any CPU = Release|Any CPU
	EndGlobalSection
	GlobalSection(ProjectConfigurationPlatforms) = postSolution
		{8B00B445-77D4-4EA1-AA1A-10630EF4393A}.Debug|Any CPU.ActiveCfg = Debug|Any CPU
		{8B00B445-77D4-4EA1-AA1A-10630EF4393A}.Debug|Any CPU.Build.0 = Debug|Any CPU
		{8B00B445-77D4-4EA1-AA1A-10630EF4393A}.Release|Any CPU.ActiveCfg = Release|Any CPU
		{8B00B445-77D4-4EA1-AA1A-10630EF4393A}.Release|Any CPU.Build.0 = Release|Any CPU
	EndGlobalSection
	GlobalSection(SolutionProperties) = preSolution
		HideSolutionNode = FALSE
	EndGlobalSection
	GlobalSection(ExtensibilityGlobals) = postSolution
		SolutionGuid = {6D534BFE-AA1B-448F-9728-A74438AA259E}
	EndGlobalSection
EndGlobal
